// !$*UTF8*$!
{
	archiveVersion = 1;
	classes = {
	};
	objectVersion = 51;
	objects = {

/* Begin PBXBuildFile section */
		2F088D9B230B47C000475633 /* MainViewController.swift in Sources */ = {isa = PBXBuildFile; fileRef = 2F088D9A230B47C000475633 /* MainViewController.swift */; };
		2F08CE11230A0A9300ACBA64 /* ViewExtensions.swift in Sources */ = {isa = PBXBuildFile; fileRef = 2F08CE10230A0A9300ACBA64 /* ViewExtensions.swift */; };
		2FEF20092308B8A3003F01A5 /* TableViewController.swift in Sources */ = {isa = PBXBuildFile; fileRef = 2FEF20082308B8A3003F01A5 /* TableViewController.swift */; };
		2FEF200B2308BA9D003F01A5 /* myTableCell.swift in Sources */ = {isa = PBXBuildFile; fileRef = 2FEF200A2308BA9D003F01A5 /* myTableCell.swift */; };
		677BF18723059EC600E2AC4A /* AppDelegate.swift in Sources */ = {isa = PBXBuildFile; fileRef = 677BF18623059EC600E2AC4A /* AppDelegate.swift */; };
		677BF18E23059EC800E2AC4A /* Assets.xcassets in Resources */ = {isa = PBXBuildFile; fileRef = 677BF18D23059EC800E2AC4A /* Assets.xcassets */; };
		677BF19123059EC800E2AC4A /* LaunchScreen.storyboard in Resources */ = {isa = PBXBuildFile; fileRef = 677BF18F23059EC800E2AC4A /* LaunchScreen.storyboard */; };
		677BF19923059FAF00E2AC4A /* CollectionViewController.swift in Sources */ = {isa = PBXBuildFile; fileRef = 677BF19823059FAF00E2AC4A /* CollectionViewController.swift */; };
		677BF19B2305A11E00E2AC4A /* myCell.swift in Sources */ = {isa = PBXBuildFile; fileRef = 677BF19A2305A11E00E2AC4A /* myCell.swift */; };
		677BF19D2305ADA400E2AC4A /* Extensions.swift in Sources */ = {isa = PBXBuildFile; fileRef = 677BF19C2305ADA400E2AC4A /* Extensions.swift */; };
		67D7C3452311792300420D65 /* SFCMapViewController.swift in Sources */ = {isa = PBXBuildFile; fileRef = 67D7C3442311792300420D65 /* SFCMapViewController.swift */; };
		67D7C3472311C85400420D65 /* OldMapVC.swift in Sources */ = {isa = PBXBuildFile; fileRef = 67D7C3462311C85400420D65 /* OldMapVC.swift */; };
		67D9B7C32306FA99001EAE2C /* FAAGetter.swift in Sources */ = {isa = PBXBuildFile; fileRef = 67D9B7C22306FA99001EAE2C /* FAAGetter.swift */; };
		67D9B7C52306FCCE001EAE2C /* Objects.swift in Sources */ = {isa = PBXBuildFile; fileRef = 67D9B7C42306FCCE001EAE2C /* Objects.swift */; };
		67F351302310877500DABECA /* simpleRedux.swift in Sources */ = {isa = PBXBuildFile; fileRef = 67F3512F2310877500DABECA /* simpleRedux.swift */; };
		67F351322310938F00DABECA /* Implement_Redux.swift in Sources */ = {isa = PBXBuildFile; fileRef = 67F351312310938F00DABECA /* Implement_Redux.swift */; };
		AB6ADF814F77087478E94246 /* Pods_anDailyCollection.framework in Frameworks */ = {isa = PBXBuildFile; fileRef = 351D81754250E5DEE473DEB5 /* Pods_anDailyCollection.framework */; };
/* End PBXBuildFile section */

/* Begin PBXFileReference section */
		2F088D9A230B47C000475633 /* MainViewController.swift */ = {isa = PBXFileReference; lastKnownFileType = sourcecode.swift; path = MainViewController.swift; sourceTree = "<group>"; };
		2F08CE10230A0A9300ACBA64 /* ViewExtensions.swift */ = {isa = PBXFileReference; lastKnownFileType = sourcecode.swift; path = ViewExtensions.swift; sourceTree = "<group>"; };
		2FEF20082308B8A3003F01A5 /* TableViewController.swift */ = {isa = PBXFileReference; lastKnownFileType = sourcecode.swift; path = TableViewController.swift; sourceTree = "<group>"; };
		2FEF200A2308BA9D003F01A5 /* myTableCell.swift */ = {isa = PBXFileReference; lastKnownFileType = sourcecode.swift; path = myTableCell.swift; sourceTree = "<group>"; };
		351D81754250E5DEE473DEB5 /* Pods_anDailyCollection.framework */ = {isa = PBXFileReference; explicitFileType = wrapper.framework; includeInIndex = 0; path = Pods_anDailyCollection.framework; sourceTree = BUILT_PRODUCTS_DIR; };
		47A9017D6D5FE5892E6E5EEF /* Pods-anDailyCollection.release.xcconfig */ = {isa = PBXFileReference; includeInIndex = 1; lastKnownFileType = text.xcconfig; name = "Pods-anDailyCollection.release.xcconfig"; path = "Target Support Files/Pods-anDailyCollection/Pods-anDailyCollection.release.xcconfig"; sourceTree = "<group>"; };
		677BF18323059EC600E2AC4A /* anDailyCollection.app */ = {isa = PBXFileReference; explicitFileType = wrapper.application; includeInIndex = 0; path = anDailyCollection.app; sourceTree = BUILT_PRODUCTS_DIR; };
		677BF18623059EC600E2AC4A /* AppDelegate.swift */ = {isa = PBXFileReference; lastKnownFileType = sourcecode.swift; path = AppDelegate.swift; sourceTree = "<group>"; };
		677BF18D23059EC800E2AC4A /* Assets.xcassets */ = {isa = PBXFileReference; lastKnownFileType = folder.assetcatalog; path = Assets.xcassets; sourceTree = "<group>"; };
		677BF19023059EC800E2AC4A /* Base */ = {isa = PBXFileReference; lastKnownFileType = file.storyboard; name = Base; path = Base.lproj/LaunchScreen.storyboard; sourceTree = "<group>"; };
		677BF19223059EC800E2AC4A /* Info.plist */ = {isa = PBXFileReference; lastKnownFileType = text.plist.xml; path = Info.plist; sourceTree = "<group>"; };
		677BF19823059FAF00E2AC4A /* CollectionViewController.swift */ = {isa = PBXFileReference; lastKnownFileType = sourcecode.swift; path = CollectionViewController.swift; sourceTree = "<group>"; };
		677BF19A2305A11E00E2AC4A /* myCell.swift */ = {isa = PBXFileReference; lastKnownFileType = sourcecode.swift; path = myCell.swift; sourceTree = "<group>"; };
		677BF19C2305ADA400E2AC4A /* Extensions.swift */ = {isa = PBXFileReference; lastKnownFileType = sourcecode.swift; path = Extensions.swift; sourceTree = "<group>"; };
		67D7C3442311792300420D65 /* SFCMapViewController.swift */ = {isa = PBXFileReference; lastKnownFileType = sourcecode.swift; path = SFCMapViewController.swift; sourceTree = "<group>"; };
		67D7C3462311C85400420D65 /* OldMapVC.swift */ = {isa = PBXFileReference; lastKnownFileType = sourcecode.swift; path = OldMapVC.swift; sourceTree = "<group>"; };
		67D9B7C22306FA99001EAE2C /* FAAGetter.swift */ = {isa = PBXFileReference; lastKnownFileType = sourcecode.swift; path = FAAGetter.swift; sourceTree = "<group>"; };
		67D9B7C42306FCCE001EAE2C /* Objects.swift */ = {isa = PBXFileReference; lastKnownFileType = sourcecode.swift; path = Objects.swift; sourceTree = "<group>"; };
		67F3512F2310877500DABECA /* simpleRedux.swift */ = {isa = PBXFileReference; lastKnownFileType = sourcecode.swift; path = simpleRedux.swift; sourceTree = "<group>"; };
		67F351312310938F00DABECA /* Implement_Redux.swift */ = {isa = PBXFileReference; lastKnownFileType = sourcecode.swift; path = Implement_Redux.swift; sourceTree = "<group>"; };
		97E3F99C474767F51ADD36C7 /* Pods-anDailyCollection.debug.xcconfig */ = {isa = PBXFileReference; includeInIndex = 1; lastKnownFileType = text.xcconfig; name = "Pods-anDailyCollection.debug.xcconfig"; path = "Target Support Files/Pods-anDailyCollection/Pods-anDailyCollection.debug.xcconfig"; sourceTree = "<group>"; };
/* End PBXFileReference section */

/* Begin PBXFrameworksBuildPhase section */
		677BF18023059EC600E2AC4A /* Frameworks */ = {
			isa = PBXFrameworksBuildPhase;
			buildActionMask = 2147483647;
			files = (
				AB6ADF814F77087478E94246 /* Pods_anDailyCollection.framework in Frameworks */,
			);
			runOnlyForDeploymentPostprocessing = 0;
		};
/* End PBXFrameworksBuildPhase section */

/* Begin PBXGroup section */
		677BF17A23059EC600E2AC4A = {
			isa = PBXGroup;
			children = (
				677BF18523059EC600E2AC4A /* anDailyCollection */,
				677BF18423059EC600E2AC4A /* Products */,
				83004DE2B77A32AF5100B3CC /* Pods */,
				A544BCAF5E9E4CA4DB401BC0 /* Frameworks */,
			);
			sourceTree = "<group>";
		};
		677BF18423059EC600E2AC4A /* Products */ = {
			isa = PBXGroup;
			children = (
				677BF18323059EC600E2AC4A /* anDailyCollection.app */,
			);
			name = Products;
			sourceTree = "<group>";
		};
		677BF18523059EC600E2AC4A /* anDailyCollection */ = {
			isa = PBXGroup;
			children = (
				677BF18623059EC600E2AC4A /* AppDelegate.swift */,
				677BF18D23059EC800E2AC4A /* Assets.xcassets */,
				677BF18F23059EC800E2AC4A /* LaunchScreen.storyboard */,
				677BF19223059EC800E2AC4A /* Info.plist */,
				677BF19823059FAF00E2AC4A /* CollectionViewController.swift */,
				677BF19A2305A11E00E2AC4A /* myCell.swift */,
				677BF19C2305ADA400E2AC4A /* Extensions.swift */,
				67D9B7C22306FA99001EAE2C /* FAAGetter.swift */,
				67D9B7C42306FCCE001EAE2C /* Objects.swift */,
				2FEF20082308B8A3003F01A5 /* TableViewController.swift */,
				2FEF200A2308BA9D003F01A5 /* myTableCell.swift */,
				2F08CE10230A0A9300ACBA64 /* ViewExtensions.swift */,
				2F088D9A230B47C000475633 /* MainViewController.swift */,
				67F3512F2310877500DABECA /* simpleRedux.swift */,
				67F351312310938F00DABECA /* Implement_Redux.swift */,
				67D7C3442311792300420D65 /* SFCMapViewController.swift */,
				67D7C3462311C85400420D65 /* OldMapVC.swift */,
			);
			path = anDailyCollection;
			sourceTree = "<group>";
		};
		83004DE2B77A32AF5100B3CC /* Pods */ = {
			isa = PBXGroup;
			children = (
				97E3F99C474767F51ADD36C7 /* Pods-anDailyCollection.debug.xcconfig */,
				47A9017D6D5FE5892E6E5EEF /* Pods-anDailyCollection.release.xcconfig */,
			);
			path = Pods;
			sourceTree = "<group>";
		};
		A544BCAF5E9E4CA4DB401BC0 /* Frameworks */ = {
			isa = PBXGroup;
			children = (
				351D81754250E5DEE473DEB5 /* Pods_anDailyCollection.framework */,
			);
			name = Frameworks;
			sourceTree = "<group>";
		};
/* End PBXGroup section */

/* Begin PBXNativeTarget section */
		677BF18223059EC600E2AC4A /* anDailyCollection */ = {
			isa = PBXNativeTarget;
			buildConfigurationList = 677BF19523059EC800E2AC4A /* Build configuration list for PBXNativeTarget "anDailyCollection" */;
			buildPhases = (
				C8A001A0AD230D13778B0961 /* [CP] Check Pods Manifest.lock */,
				677BF17F23059EC600E2AC4A /* Sources */,
				677BF18023059EC600E2AC4A /* Frameworks */,
				677BF18123059EC600E2AC4A /* Resources */,
				1DFBFCB35636DC3D76007450 /* [CP] Embed Pods Frameworks */,
			);
			buildRules = (
			);
			dependencies = (
			);
			name = anDailyCollection;
			productName = anDailyCollection;
			productReference = 677BF18323059EC600E2AC4A /* anDailyCollection.app */;
			productType = "com.apple.product-type.application";
		};
/* End PBXNativeTarget section */

/* Begin PBXProject section */
		677BF17B23059EC600E2AC4A /* Project object */ = {
			isa = PBXProject;
			attributes = {
				LastSwiftUpdateCheck = 1010;
				LastUpgradeCheck = 1010;
				ORGANIZATIONNAME = "Nathaniel Mcdowell";
				TargetAttributes = {
					677BF18223059EC600E2AC4A = {
						CreatedOnToolsVersion = 10.1;
					};
				};
			};
			buildConfigurationList = 677BF17E23059EC600E2AC4A /* Build configuration list for PBXProject "anDailyCollection" */;
			compatibilityVersion = "Xcode 9.3";
			developmentRegion = en;
			hasScannedForEncodings = 0;
			knownRegions = (
				en,
				Base,
			);
			mainGroup = 677BF17A23059EC600E2AC4A;
			productRefGroup = 677BF18423059EC600E2AC4A /* Products */;
			projectDirPath = "";
			projectRoot = "";
			targets = (
				677BF18223059EC600E2AC4A /* anDailyCollection */,
			);
		};
/* End PBXProject section */

/* Begin PBXResourcesBuildPhase section */
		677BF18123059EC600E2AC4A /* Resources */ = {
			isa = PBXResourcesBuildPhase;
			buildActionMask = 2147483647;
			files = (
				677BF19123059EC800E2AC4A /* LaunchScreen.storyboard in Resources */,
				677BF18E23059EC800E2AC4A /* Assets.xcassets in Resources */,
			);
			runOnlyForDeploymentPostprocessing = 0;
		};
/* End PBXResourcesBuildPhase section */

/* Begin PBXShellScriptBuildPhase section */
		1DFBFCB35636DC3D76007450 /* [CP] Embed Pods Frameworks */ = {
			isa = PBXShellScriptBuildPhase;
			buildActionMask = 2147483647;
			files = (
			);
			inputFileListPaths = (
				"${PODS_ROOT}/Target Support Files/Pods-anDailyCollection/Pods-anDailyCollection-frameworks-${CONFIGURATION}-input-files.xcfilelist",
			);
			name = "[CP] Embed Pods Frameworks";
			outputFileListPaths = (
				"${PODS_ROOT}/Target Support Files/Pods-anDailyCollection/Pods-anDailyCollection-frameworks-${CONFIGURATION}-output-files.xcfilelist",
			);
			runOnlyForDeploymentPostprocessing = 0;
			shellPath = /bin/sh;
			shellScript = "\"${PODS_ROOT}/Target Support Files/Pods-anDailyCollection/Pods-anDailyCollection-frameworks.sh\"\n";
			showEnvVarsInLog = 0;
		};
		C8A001A0AD230D13778B0961 /* [CP] Check Pods Manifest.lock */ = {
			isa = PBXShellScriptBuildPhase;
			buildActionMask = 2147483647;
			files = (
			);
			inputFileListPaths = (
			);
			inputPaths = (
				"${PODS_PODFILE_DIR_PATH}/Podfile.lock",
				"${PODS_ROOT}/Manifest.lock",
			);
			name = "[CP] Check Pods Manifest.lock";
			outputFileListPaths = (
			);
			outputPaths = (
				"$(DERIVED_FILE_DIR)/Pods-anDailyCollection-checkManifestLockResult.txt",
			);
			runOnlyForDeploymentPostprocessing = 0;
			shellPath = /bin/sh;
			shellScript = "diff \"${PODS_PODFILE_DIR_PATH}/Podfile.lock\" \"${PODS_ROOT}/Manifest.lock\" > /dev/null\nif [ $? != 0 ] ; then\n    # print error to STDERR\n    echo \"error: The sandbox is not in sync with the Podfile.lock. Run 'pod install' or update your CocoaPods installation.\" >&2\n    exit 1\nfi\n# This output is used by Xcode 'outputs' to avoid re-running this script phase.\necho \"SUCCESS\" > \"${SCRIPT_OUTPUT_FILE_0}\"\n";
			showEnvVarsInLog = 0;
		};
/* End PBXShellScriptBuildPhase section */

/* Begin PBXSourcesBuildPhase section */
		677BF17F23059EC600E2AC4A /* Sources */ = {
			isa = PBXSourcesBuildPhase;
			buildActionMask = 2147483647;
			files = (
				677BF19923059FAF00E2AC4A /* CollectionViewController.swift in Sources */,
				2FEF20092308B8A3003F01A5 /* TableViewController.swift in Sources */,
				2FEF200B2308BA9D003F01A5 /* myTableCell.swift in Sources */,
				677BF19B2305A11E00E2AC4A /* myCell.swift in Sources */,
				2F08CE11230A0A9300ACBA64 /* ViewExtensions.swift in Sources */,
				67F351302310877500DABECA /* simpleRedux.swift in Sources */,
				67F351322310938F00DABECA /* Implement_Redux.swift in Sources */,
				67D7C3452311792300420D65 /* SFCMapViewController.swift in Sources */,
				67D9B7C32306FA99001EAE2C /* FAAGetter.swift in Sources */,
				677BF18723059EC600E2AC4A /* AppDelegate.swift in Sources */,
				67D9B7C52306FCCE001EAE2C /* Objects.swift in Sources */,
				677BF19D2305ADA400E2AC4A /* Extensions.swift in Sources */,
				2F088D9B230B47C000475633 /* MainViewController.swift in Sources */,
				67D7C3472311C85400420D65 /* OldMapVC.swift in Sources */,
			);
			runOnlyForDeploymentPostprocessing = 0;
		};
/* End PBXSourcesBuildPhase section */

/* Begin PBXVariantGroup section */
		677BF18F23059EC800E2AC4A /* LaunchScreen.storyboard */ = {
			isa = PBXVariantGroup;
			children = (
				677BF19023059EC800E2AC4A /* Base */,
			);
			name = LaunchScreen.storyboard;
			sourceTree = "<group>";
		};
/* End PBXVariantGroup section */

/* Begin XCBuildConfiguration section */
		677BF19323059EC800E2AC4A /* Debug */ = {
			isa = XCBuildConfiguration;
			buildSettings = {
				ALWAYS_SEARCH_USER_PATHS = NO;
				CLANG_ANALYZER_NONNULL = YES;
				CLANG_ANALYZER_NUMBER_OBJECT_CONVERSION = YES_AGGRESSIVE;
				CLANG_CXX_LANGUAGE_STANDARD = "gnu++14";
				CLANG_CXX_LIBRARY = "libc++";
				CLANG_ENABLE_MODULES = YES;
				CLANG_ENABLE_OBJC_ARC = YES;
				CLANG_ENABLE_OBJC_WEAK = YES;
				CLANG_WARN_BLOCK_CAPTURE_AUTORELEASING = YES;
				CLANG_WARN_BOOL_CONVERSION = YES;
				CLANG_WARN_COMMA = YES;
				CLANG_WARN_CONSTANT_CONVERSION = YES;
				CLANG_WARN_DEPRECATED_OBJC_IMPLEMENTATIONS = YES;
				CLANG_WARN_DIRECT_OBJC_ISA_USAGE = YES_ERROR;
				CLANG_WARN_DOCUMENTATION_COMMENTS = YES;
				CLANG_WARN_EMPTY_BODY = YES;
				CLANG_WARN_ENUM_CONVERSION = YES;
				CLANG_WARN_INFINITE_RECURSION = YES;
				CLANG_WARN_INT_CONVERSION = YES;
				CLANG_WARN_NON_LITERAL_NULL_CONVERSION = YES;
				CLANG_WARN_OBJC_IMPLICIT_RETAIN_SELF = YES;
				CLANG_WARN_OBJC_LITERAL_CONVERSION = YES;
				CLANG_WARN_OBJC_ROOT_CLASS = YES_ERROR;
				CLANG_WARN_RANGE_LOOP_ANALYSIS = YES;
				CLANG_WARN_STRICT_PROTOTYPES = YES;
				CLANG_WARN_SUSPICIOUS_MOVE = YES;
				CLANG_WARN_UNGUARDED_AVAILABILITY = YES_AGGRESSIVE;
				CLANG_WARN_UNREACHABLE_CODE = YES;
				CLANG_WARN__DUPLICATE_METHOD_MATCH = YES;
				CODE_SIGN_IDENTITY = "iPhone Developer";
				COPY_PHASE_STRIP = NO;
				DEBUG_INFORMATION_FORMAT = dwarf;
				ENABLE_STRICT_OBJC_MSGSEND = YES;
				ENABLE_TESTABILITY = YES;
				GCC_C_LANGUAGE_STANDARD = gnu11;
				GCC_DYNAMIC_NO_PIC = NO;
				GCC_NO_COMMON_BLOCKS = YES;
				GCC_OPTIMIZATION_LEVEL = 0;
				GCC_PREPROCESSOR_DEFINITIONS = (
					"DEBUG=1",
					"$(inherited)",
				);
				GCC_WARN_64_TO_32_BIT_CONVERSION = YES;
				GCC_WARN_ABOUT_RETURN_TYPE = YES_ERROR;
				GCC_WARN_UNDECLARED_SELECTOR = YES;
				GCC_WARN_UNINITIALIZED_AUTOS = YES_AGGRESSIVE;
				GCC_WARN_UNUSED_FUNCTION = YES;
				GCC_WARN_UNUSED_VARIABLE = YES;
				IPHONEOS_DEPLOYMENT_TARGET = 12.1;
				MTL_ENABLE_DEBUG_INFO = INCLUDE_SOURCE;
				MTL_FAST_MATH = YES;
				ONLY_ACTIVE_ARCH = YES;
				SDKROOT = iphoneos;
				SWIFT_ACTIVE_COMPILATION_CONDITIONS = DEBUG;
				SWIFT_OPTIMIZATION_LEVEL = "-Onone";
			};
			name = Debug;
		};
		677BF19423059EC800E2AC4A /* Release */ = {
			isa = XCBuildConfiguration;
			buildSettings = {
				ALWAYS_SEARCH_USER_PATHS = NO;
				CLANG_ANALYZER_NONNULL = YES;
				CLANG_ANALYZER_NUMBER_OBJECT_CONVERSION = YES_AGGRESSIVE;
				CLANG_CXX_LANGUAGE_STANDARD = "gnu++14";
				CLANG_CXX_LIBRARY = "libc++";
				CLANG_ENABLE_MODULES = YES;
				CLANG_ENABLE_OBJC_ARC = YES;
				CLANG_ENABLE_OBJC_WEAK = YES;
				CLANG_WARN_BLOCK_CAPTURE_AUTORELEASING = YES;
				CLANG_WARN_BOOL_CONVERSION = YES;
				CLANG_WARN_COMMA = YES;
				CLANG_WARN_CONSTANT_CONVERSION = YES;
				CLANG_WARN_DEPRECATED_OBJC_IMPLEMENTATIONS = YES;
				CLANG_WARN_DIRECT_OBJC_ISA_USAGE = YES_ERROR;
				CLANG_WARN_DOCUMENTATION_COMMENTS = YES;
				CLANG_WARN_EMPTY_BODY = YES;
				CLANG_WARN_ENUM_CONVERSION = YES;
				CLANG_WARN_INFINITE_RECURSION = YES;
				CLANG_WARN_INT_CONVERSION = YES;
				CLANG_WARN_NON_LITERAL_NULL_CONVERSION = YES;
				CLANG_WARN_OBJC_IMPLICIT_RETAIN_SELF = YES;
				CLANG_WARN_OBJC_LITERAL_CONVERSION = YES;
				CLANG_WARN_OBJC_ROOT_CLASS = YES_ERROR;
				CLANG_WARN_RANGE_LOOP_ANALYSIS = YES;
				CLANG_WARN_STRICT_PROTOTYPES = YES;
				CLANG_WARN_SUSPICIOUS_MOVE = YES;
				CLANG_WARN_UNGUARDED_AVAILABILITY = YES_AGGRESSIVE;
				CLANG_WARN_UNREACHABLE_CODE = YES;
				CLANG_WARN__DUPLICATE_METHOD_MATCH = YES;
				CODE_SIGN_IDENTITY = "iPhone Developer";
				COPY_PHASE_STRIP = NO;
				DEBUG_INFORMATION_FORMAT = "dwarf-with-dsym";
				ENABLE_NS_ASSERTIONS = NO;
				ENABLE_STRICT_OBJC_MSGSEND = YES;
				GCC_C_LANGUAGE_STANDARD = gnu11;
				GCC_NO_COMMON_BLOCKS = YES;
				GCC_WARN_64_TO_32_BIT_CONVERSION = YES;
				GCC_WARN_ABOUT_RETURN_TYPE = YES_ERROR;
				GCC_WARN_UNDECLARED_SELECTOR = YES;
				GCC_WARN_UNINITIALIZED_AUTOS = YES_AGGRESSIVE;
				GCC_WARN_UNUSED_FUNCTION = YES;
				GCC_WARN_UNUSED_VARIABLE = YES;
				IPHONEOS_DEPLOYMENT_TARGET = 12.1;
				MTL_ENABLE_DEBUG_INFO = NO;
				MTL_FAST_MATH = YES;
				SDKROOT = iphoneos;
				SWIFT_COMPILATION_MODE = wholemodule;
				SWIFT_OPTIMIZATION_LEVEL = "-O";
				VALIDATE_PRODUCT = YES;
			};
			name = Release;
		};
		677BF19623059EC800E2AC4A /* Debug */ = {
			isa = XCBuildConfiguration;
			baseConfigurationReference = 97E3F99C474767F51ADD36C7 /* Pods-anDailyCollection.debug.xcconfig */;
			buildSettings = {
				ASSETCATALOG_COMPILER_APPICON_NAME = AppIcon;
				CODE_SIGN_STYLE = Automatic;
				DEVELOPMENT_TEAM = 988VW22UE7;
				INFOPLIST_FILE = anDailyCollection/Info.plist;
				LD_RUNPATH_SEARCH_PATHS = (
					"$(inherited)",
					"@executable_path/Frameworks",
				);
				PRODUCT_BUNDLE_IDENTIFIER = Nate.anDailyCollection;
				PRODUCT_NAME = "$(TARGET_NAME)";
				SWIFT_VERSION = 4.2;
				TARGETED_DEVICE_FAMILY = "1,2";
			};
			name = Debug;
		};
		677BF19723059EC800E2AC4A /* Release */ = {
			isa = XCBuildConfiguration;
			baseConfigurationReference = 47A9017D6D5FE5892E6E5EEF /* Pods-anDailyCollection.release.xcconfig */;
			buildSettings = {
				ASSETCATALOG_COMPILER_APPICON_NAME = AppIcon;
				CODE_SIGN_STYLE = Automatic;
				DEVELOPMENT_TEAM = 988VW22UE7;
				INFOPLIST_FILE = anDailyCollection/Info.plist;
				LD_RUNPATH_SEARCH_PATHS = (
					"$(inherited)",
					"@executable_path/Frameworks",
				);
				PRODUCT_BUNDLE_IDENTIFIER = Nate.anDailyCollection;
				PRODUCT_NAME = "$(TARGET_NAME)";
				SWIFT_VERSION = 4.2;
				TARGETED_DEVICE_FAMILY = "1,2";
			};
			name = Release;
		};
/* End XCBuildConfiguration section */

/* Begin XCConfigurationList section */
		677BF17E23059EC600E2AC4A /* Build configuration list for PBXProject "anDailyCollection" */ = {
			isa = XCConfigurationList;
			buildConfigurations = (
				677BF19323059EC800E2AC4A /* Debug */,
				677BF19423059EC800E2AC4A /* Release */,
			);
			defaultConfigurationIsVisible = 0;
			defaultConfigurationName = Release;
		};
		677BF19523059EC800E2AC4A /* Build configuration list for PBXNativeTarget "anDailyCollection" */ = {
			isa = XCConfigurationList;
			buildConfigurations = (
				677BF19623059EC800E2AC4A /* Debug */,
				677BF19723059EC800E2AC4A /* Release */,
			);
			defaultConfigurationIsVisible = 0;
			defaultConfigurationName = Release;
		};
/* End XCConfigurationList section */
	};
	rootObject = 677BF17B23059EC600E2AC4A /* Project object */;
}
